
Microsoft Visual Studio Solution File, Format Version 12.00
# Visual Studio Version 16
VisualStudioVersion = 16.0.30517.126
MinimumVisualStudioVersion = 10.0.40219.1
Project("{8BC9CEB8-8B4A-11D0-8D11-00A0C91BC942}") = "Lab1", "Lab1\Lab1.vcxproj", "{ADA48F2C-57D6-48EA-8914-9287F1F4DB1B}"
EndProject
Project("{8BC9CEB8-8B4A-11D0-8D11-00A0C91BC942}") = "Lab2", "Lab2\Lab2.vcxproj", "{1C553D70-71AF-4619-AD76-AFE73499EAB2}"
EndProject
Project("{8BC9CEB8-8B4A-11D0-8D11-00A0C91BC942}") = "Lab3.2", "Lab3.2\Lab3.2.vcxproj", "{08B360C9-CBB0-46BC-A1DE-14489BD92D92}"
EndProject
Project("{8BC9CEB8-8B4A-11D0-8D11-00A0C91BC942}") = "Lab3.1", "Lab3.1\Lab3.1.vcxproj", "{5D31854C-26A0-44BA-B05E-2C6A69F5C1F8}"
EndProject
Project("{8BC9CEB8-8B4A-11D0-8D11-00A0C91BC942}") = "Lab4.1", "Lab4.1\Lab4.1.vcxproj", "{9521467C-E0E1-4EE6-ABC7-2EF0B2F3C425}"
EndProject
Project("{8BC9CEB8-8B4A-11D0-8D11-00A0C91BC942}") = "Lab4.2", "Lab4.2\Lab4.2.vcxproj", "{B97B239A-40B0-453D-BF80-2CE417D90D7A}"
EndProject
Project("{8BC9CEB8-8B4A-11D0-8D11-00A0C91BC942}") = "Lab5.1", "Lab5.1\Lab5.1.vcxproj", "{15439BA3-7309-4A08-9AB9-54391B686FD5}"
EndProject
Project("{8BC9CEB8-8B4A-11D0-8D11-00A0C91BC942}") = "Lab5.3", "Lab5.3\Lab5.3.vcxproj", "{A8F2DD44-ACA8-45AC-8BAB-3B1666B5516A}"
EndProject
Project("{8BC9CEB8-8B4A-11D0-8D11-00A0C91BC942}") = "Lab5.4", "Lab5.4\Lab5.4.vcxproj", "{B531E8CB-21BC-426F-A187-A11B08727523}"
EndProject
Global
	GlobalSection(SolutionConfigurationPlatforms) = preSolution
		Debug|x64 = Debug|x64
		Debug|x86 = Debug|x86
		Release|x64 = Release|x64
		Release|x86 = Release|x86
	EndGlobalSection
	GlobalSection(ProjectConfigurationPlatforms) = postSolution
		{ADA48F2C-57D6-48EA-8914-9287F1F4DB1B}.Debug|x64.ActiveCfg = Debug|x64
		{ADA48F2C-57D6-48EA-8914-9287F1F4DB1B}.Debug|x64.Build.0 = Debug|x64
		{ADA48F2C-57D6-48EA-8914-9287F1F4DB1B}.Debug|x86.ActiveCfg = Debug|Win32
		{ADA48F2C-57D6-48EA-8914-9287F1F4DB1B}.Debug|x86.Build.0 = Debug|Win32
		{ADA48F2C-57D6-48EA-8914-9287F1F4DB1B}.Release|x64.ActiveCfg = Release|x64
		{ADA48F2C-57D6-48EA-8914-9287F1F4DB1B}.Release|x64.Build.0 = Release|x64
		{ADA48F2C-57D6-48EA-8914-9287F1F4DB1B}.Release|x86.ActiveCfg = Release|Win32
		{ADA48F2C-57D6-48EA-8914-9287F1F4DB1B}.Release|x86.Build.0 = Release|Win32
		{1C553D70-71AF-4619-AD76-AFE73499EAB2}.Debug|x64.ActiveCfg = Debug|x64
		{1C553D70-71AF-4619-AD76-AFE73499EAB2}.Debug|x64.Build.0 = Debug|x64
		{1C553D70-71AF-4619-AD76-AFE73499EAB2}.Debug|x86.ActiveCfg = Debug|Win32
		{1C553D70-71AF-4619-AD76-AFE73499EAB2}.Debug|x86.Build.0 = Debug|Win32
		{1C553D70-71AF-4619-AD76-AFE73499EAB2}.Release|x64.ActiveCfg = Release|x64
		{1C553D70-71AF-4619-AD76-AFE73499EAB2}.Release|x64.Build.0 = Release|x64
		{1C553D70-71AF-4619-AD76-AFE73499EAB2}.Release|x86.ActiveCfg = Release|Win32
		{1C553D70-71AF-4619-AD76-AFE73499EAB2}.Release|x86.Build.0 = Release|Win32
		{08B360C9-CBB0-46BC-A1DE-14489BD92D92}.Debug|x64.ActiveCfg = Debug|x64
		{08B360C9-CBB0-46BC-A1DE-14489BD92D92}.Debug|x64.Build.0 = Debug|x64
		{08B360C9-CBB0-46BC-A1DE-14489BD92D92}.Debug|x86.ActiveCfg = Debug|Win32
		{08B360C9-CBB0-46BC-A1DE-14489BD92D92}.Debug|x86.Build.0 = Debug|Win32
		{08B360C9-CBB0-46BC-A1DE-14489BD92D92}.Release|x64.ActiveCfg = Release|x64
		{08B360C9-CBB0-46BC-A1DE-14489BD92D92}.Release|x64.Build.0 = Release|x64
		{08B360C9-CBB0-46BC-A1DE-14489BD92D92}.Release|x86.ActiveCfg = Release|Win32
		{08B360C9-CBB0-46BC-A1DE-14489BD92D92}.Release|x86.Build.0 = Release|Win32
		{5D31854C-26A0-44BA-B05E-2C6A69F5C1F8}.Debug|x64.ActiveCfg = Debug|x64
		{5D31854C-26A0-44BA-B05E-2C6A69F5C1F8}.Debug|x64.Build.0 = Debug|x64
		{5D31854C-26A0-44BA-B05E-2C6A69F5C1F8}.Debug|x86.ActiveCfg = Debug|Win32
		{5D31854C-26A0-44BA-B05E-2C6A69F5C1F8}.Debug|x86.Build.0 = Debug|Win32
		{5D31854C-26A0-44BA-B05E-2C6A69F5C1F8}.Release|x64.ActiveCfg = Release|x64
		{5D31854C-26A0-44BA-B05E-2C6A69F5C1F8}.Release|x64.Build.0 = Release|x64
		{5D31854C-26A0-44BA-B05E-2C6A69F5C1F8}.Release|x86.ActiveCfg = Release|Win32
		{5D31854C-26A0-44BA-B05E-2C6A69F5C1F8}.Release|x86.Build.0 = Release|Win32
		{9521467C-E0E1-4EE6-ABC7-2EF0B2F3C425}.Debug|x64.ActiveCfg = Debug|x64
		{9521467C-E0E1-4EE6-ABC7-2EF0B2F3C425}.Debug|x64.Build.0 = Debug|x64
		{9521467C-E0E1-4EE6-ABC7-2EF0B2F3C425}.Debug|x86.ActiveCfg = Debug|Win32
		{9521467C-E0E1-4EE6-ABC7-2EF0B2F3C425}.Debug|x86.Build.0 = Debug|Win32
		{9521467C-E0E1-4EE6-ABC7-2EF0B2F3C425}.Release|x64.ActiveCfg = Release|x64
		{9521467C-E0E1-4EE6-ABC7-2EF0B2F3C425}.Release|x64.Build.0 = Release|x64
		{9521467C-E0E1-4EE6-ABC7-2EF0B2F3C425}.Release|x86.ActiveCfg = Release|Win32
		{9521467C-E0E1-4EE6-ABC7-2EF0B2F3C425}.Release|x86.Build.0 = Release|Win32
		{B97B239A-40B0-453D-BF80-2CE417D90D7A}.Debug|x64.ActiveCfg = Debug|x64
		{B97B239A-40B0-453D-BF80-2CE417D90D7A}.Debug|x64.Build.0 = Debug|x64
		{B97B239A-40B0-453D-BF80-2CE417D90D7A}.Debug|x86.ActiveCfg = Debug|Win32
		{B97B239A-40B0-453D-BF80-2CE417D90D7A}.Debug|x86.Build.0 = Debug|Win32
		{B97B239A-40B0-453D-BF80-2CE417D90D7A}.Release|x64.ActiveCfg = Release|x64
		{B97B239A-40B0-453D-BF80-2CE417D90D7A}.Release|x64.Build.0 = Release|x64
		{B97B239A-40B0-453D-BF80-2CE417D90D7A}.Release|x86.ActiveCfg = Release|Win32
		{B97B239A-40B0-453D-BF80-2CE417D90D7A}.Release|x86.Build.0 = Release|Win32
		{15439BA3-7309-4A08-9AB9-54391B686FD5}.Debug|x64.ActiveCfg = Debug|x64
		{15439BA3-7309-4A08-9AB9-54391B686FD5}.Debug|x64.Build.0 = Debug|x64
		{15439BA3-7309-4A08-9AB9-54391B686FD5}.Debug|x86.ActiveCfg = Debug|Win32
		{15439BA3-7309-4A08-9AB9-54391B686FD5}.Debug|x86.Build.0 = Debug|Win32
		{15439BA3-7309-4A08-9AB9-54391B686FD5}.Release|x64.ActiveCfg = Release|x64
		{15439BA3-7309-4A08-9AB9-54391B686FD5}.Release|x64.Build.0 = Release|x64
		{15439BA3-7309-4A08-9AB9-54391B686FD5}.Release|x86.ActiveCfg = Release|Win32
		{15439BA3-7309-4A08-9AB9-54391B686FD5}.Release|x86.Build.0 = Release|Win32
		{A8F2DD44-ACA8-45AC-8BAB-3B1666B5516A}.Debug|x64.ActiveCfg = Debug|x64
		{A8F2DD44-ACA8-45AC-8BAB-3B1666B5516A}.Debug|x64.Build.0 = Debug|x64
		{A8F2DD44-ACA8-45AC-8BAB-3B1666B5516A}.Debug|x86.ActiveCfg = Debug|Win32
		{A8F2DD44-ACA8-45AC-8BAB-3B1666B5516A}.Debug|x86.Build.0 = Debug|Win32
		{A8F2DD44-ACA8-45AC-8BAB-3B1666B5516A}.Release|x64.ActiveCfg = Release|x64
		{A8F2DD44-ACA8-45AC-8BAB-3B1666B5516A}.Release|x64.Build.0 = Release|x64
		{A8F2DD44-ACA8-45AC-8BAB-3B1666B5516A}.Release|x86.ActiveCfg = Release|Win32
		{A8F2DD44-ACA8-45AC-8BAB-3B1666B5516A}.Release|x86.Build.0 = Release|Win32
		{B531E8CB-21BC-426F-A187-A11B08727523}.Debug|x64.ActiveCfg = Debug|x64
		{B531E8CB-21BC-426F-A187-A11B08727523}.Debug|x64.Build.0 = Debug|x64
		{B531E8CB-21BC-426F-A187-A11B08727523}.Debug|x86.ActiveCfg = Debug|Win32
		{B531E8CB-21BC-426F-A187-A11B08727523}.Debug|x86.Build.0 = Debug|Win32
		{B531E8CB-21BC-426F-A187-A11B08727523}.Release|x64.ActiveCfg = Release|x64
		{B531E8CB-21BC-426F-A187-A11B08727523}.Release|x64.Build.0 = Release|x64
		{B531E8CB-21BC-426F-A187-A11B08727523}.Release|x86.ActiveCfg = Release|Win32
		{B531E8CB-21BC-426F-A187-A11B08727523}.Release|x86.Build.0 = Release|Win32
	EndGlobalSection
	GlobalSection(SolutionProperties) = preSolution
		HideSolutionNode = FALSE
	EndGlobalSection
	GlobalSection(ExtensibilityGlobals) = postSolution
		SolutionGuid = {3BD3E9CB-A7ED-4175-8632-942980DFC81E}
	EndGlobalSection
EndGlobal
