
Microsoft Visual Studio Solution File, Format Version 12.00
# Visual Studio Version 16
VisualStudioVersion = 16.0.30517.126
MinimumVisualStudioVersion = 10.0.40219.1
Project("{8BC9CEB8-8B4A-11D0-8D11-00A0C91BC942}") = "Lab1", "Lab1\Lab1.vcxproj", "{ADA48F2C-57D6-48EA-8914-9287F1F4DB1B}"
EndProject
Project("{8BC9CEB8-8B4A-11D0-8D11-00A0C91BC942}") = "Lab2", "Lab2\Lab2.vcxproj", "{1C553D70-71AF-4619-AD76-AFE73499EAB2}"
EndProject
Project("{8BC9CEB8-8B4A-11D0-8D11-00A0C91BC942}") = "Lab3", "Lab3\Lab3.vcxproj", "{E0008ED0-C0F8-4E74-8EF6-81A501805336}"
EndProject
Project("{8BC9CEB8-8B4A-11D0-8D11-00A0C91BC942}") = "Lab3.2", "Lab3.2\Lab3.2.vcxproj", "{08B360C9-CBB0-46BC-A1DE-14489BD92D92}"
EndProject
Global
	GlobalSection(SolutionConfigurationPlatforms) = preSolution
		Debug|x64 = Debug|x64
		Debug|x86 = Debug|x86
		Release|x64 = Release|x64
		Release|x86 = Release|x86
	EndGlobalSection
	GlobalSection(ProjectConfigurationPlatforms) = postSolution
		{ADA48F2C-57D6-48EA-8914-9287F1F4DB1B}.Debug|x64.ActiveCfg = Debug|x64
		{ADA48F2C-57D6-48EA-8914-9287F1F4DB1B}.Debug|x64.Build.0 = Debug|x64
		{ADA48F2C-57D6-48EA-8914-9287F1F4DB1B}.Debug|x86.ActiveCfg = Debug|Win32
		{ADA48F2C-57D6-48EA-8914-9287F1F4DB1B}.Debug|x86.Build.0 = Debug|Win32
		{ADA48F2C-57D6-48EA-8914-9287F1F4DB1B}.Release|x64.ActiveCfg = Release|x64
		{ADA48F2C-57D6-48EA-8914-9287F1F4DB1B}.Release|x64.Build.0 = Release|x64
		{ADA48F2C-57D6-48EA-8914-9287F1F4DB1B}.Release|x86.ActiveCfg = Release|Win32
		{ADA48F2C-57D6-48EA-8914-9287F1F4DB1B}.Release|x86.Build.0 = Release|Win32
		{1C553D70-71AF-4619-AD76-AFE73499EAB2}.Debug|x64.ActiveCfg = Debug|x64
		{1C553D70-71AF-4619-AD76-AFE73499EAB2}.Debug|x64.Build.0 = Debug|x64
		{1C553D70-71AF-4619-AD76-AFE73499EAB2}.Debug|x86.ActiveCfg = Debug|Win32
		{1C553D70-71AF-4619-AD76-AFE73499EAB2}.Debug|x86.Build.0 = Debug|Win32
		{1C553D70-71AF-4619-AD76-AFE73499EAB2}.Release|x64.ActiveCfg = Release|x64
		{1C553D70-71AF-4619-AD76-AFE73499EAB2}.Release|x64.Build.0 = Release|x64
		{1C553D70-71AF-4619-AD76-AFE73499EAB2}.Release|x86.ActiveCfg = Release|Win32
		{1C553D70-71AF-4619-AD76-AFE73499EAB2}.Release|x86.Build.0 = Release|Win32
		{E0008ED0-C0F8-4E74-8EF6-81A501805336}.Debug|x64.ActiveCfg = Debug|x64
		{E0008ED0-C0F8-4E74-8EF6-81A501805336}.Debug|x64.Build.0 = Debug|x64
		{E0008ED0-C0F8-4E74-8EF6-81A501805336}.Debug|x86.ActiveCfg = Debug|Win32
		{E0008ED0-C0F8-4E74-8EF6-81A501805336}.Debug|x86.Build.0 = Debug|Win32
		{E0008ED0-C0F8-4E74-8EF6-81A501805336}.Release|x64.ActiveCfg = Release|x64
		{E0008ED0-C0F8-4E74-8EF6-81A501805336}.Release|x64.Build.0 = Release|x64
		{E0008ED0-C0F8-4E74-8EF6-81A501805336}.Release|x86.ActiveCfg = Release|Win32
		{E0008ED0-C0F8-4E74-8EF6-81A501805336}.Release|x86.Build.0 = Release|Win32
		{08B360C9-CBB0-46BC-A1DE-14489BD92D92}.Debug|x64.ActiveCfg = Debug|x64
		{08B360C9-CBB0-46BC-A1DE-14489BD92D92}.Debug|x64.Build.0 = Debug|x64
		{08B360C9-CBB0-46BC-A1DE-14489BD92D92}.Debug|x86.ActiveCfg = Debug|Win32
		{08B360C9-CBB0-46BC-A1DE-14489BD92D92}.Debug|x86.Build.0 = Debug|Win32
		{08B360C9-CBB0-46BC-A1DE-14489BD92D92}.Release|x64.ActiveCfg = Release|x64
		{08B360C9-CBB0-46BC-A1DE-14489BD92D92}.Release|x64.Build.0 = Release|x64
		{08B360C9-CBB0-46BC-A1DE-14489BD92D92}.Release|x86.ActiveCfg = Release|Win32
		{08B360C9-CBB0-46BC-A1DE-14489BD92D92}.Release|x86.Build.0 = Release|Win32
	EndGlobalSection
	GlobalSection(SolutionProperties) = preSolution
		HideSolutionNode = FALSE
	EndGlobalSection
	GlobalSection(ExtensibilityGlobals) = postSolution
		SolutionGuid = {3BD3E9CB-A7ED-4175-8632-942980DFC81E}
	EndGlobalSection
EndGlobal
